
Microsoft Visual Studio Solution File, Format Version 12.00
# Visual Studio Version 17
VisualStudioVersion = 17.8.34525.116
MinimumVisualStudioVersion = 10.0.40219.1
Project("{2150E333-8FDC-42A3-9474-1A3956D46DE8}") = "I-MicroServices", "I-MicroServices", "{8C035271-439E-4FE3-995F-393F771D98C2}"
EndProject
Project("{2150E333-8FDC-42A3-9474-1A3956D46DE8}") = "II-Gateways", "II-Gateways", "{93FFB363-38DB-4858-B0B4-91DE600EC97E}"
EndProject
Project("{2150E333-8FDC-42A3-9474-1A3956D46DE8}") = "02-JobsAPI", "02-JobsAPI", "{9AEDC0F9-561F-4060-9459-EA595697DC42}"
EndProject
Project("{2150E333-8FDC-42A3-9474-1A3956D46DE8}") = "03-LocationAPI", "03-LocationAPI", "{A16F59DC-5E96-4D47-89EE-F55EFD67FDB6}"
EndProject
Project("{2150E333-8FDC-42A3-9474-1A3956D46DE8}") = "01-EmployeeAPI", "01-EmployeeAPI", "{BE8861F1-C85E-4237-9E12-758F58C77473}"
EndProject
Project("{2150E333-8FDC-42A3-9474-1A3956D46DE8}") = "Core", "Core", "{F2DACD8A-187C-479F-B05E-A2229DF7F90E}"
EndProject
Project("{2150E333-8FDC-42A3-9474-1A3956D46DE8}") = "Infrastructure", "Infrastructure", "{1126C709-976A-4AC3-8E62-F921AC9BD816}"
	ProjectSection(SolutionItems) = preProject
		ScriptSQL.txt = ScriptSQL.txt
	EndProjectSection
EndProject
Project("{2150E333-8FDC-42A3-9474-1A3956D46DE8}") = "Presentation", "Presentation", "{83EA93A8-C548-40A4-8604-E4A532FDC43A}"
EndProject
Project("{9A19103F-16F7-4668-BE54-9A1E7A4F7556}") = "CleanArchJobs.Domain", "CleanArchJobs.Domain\CleanArchJobs.Domain.csproj", "{1BB45DDB-8323-4E54-90DF-F9F4E606EDE3}"
EndProject
Project("{9A19103F-16F7-4668-BE54-9A1E7A4F7556}") = "CleanArchJobs.Application", "CleanArchJobs.Application\CleanArchJobs.Application.csproj", "{5FD5A4B3-25A3-4A50-8C75-28320BFCAA3A}"
EndProject
Project("{9A19103F-16F7-4668-BE54-9A1E7A4F7556}") = "CleanArchJobs.Infrastructure", "CleanArchJobs.Infrastructure\CleanArchJobs.Infrastructure.csproj", "{114E2584-EEBC-48B2-A664-76D762BCD372}"
EndProject
Project("{9A19103F-16F7-4668-BE54-9A1E7A4F7556}") = "CleanArchJobs.API", "CleanArchJobs.API\CleanArchJobs.API.csproj", "{3E5CCFE0-875E-433B-A4B5-C64F90048102}"
EndProject
Project("{2150E333-8FDC-42A3-9474-1A3956D46DE8}") = "1-core", "1-core", "{FC57B038-E0F3-4C51-A457-FFE6C7DF76DC}"
EndProject
Project("{2150E333-8FDC-42A3-9474-1A3956D46DE8}") = "2-Infrastructure", "2-Infrastructure", "{F3BE67BF-4827-4D39-8BBD-9B8B5B169B93}"
EndProject
Project("{2150E333-8FDC-42A3-9474-1A3956D46DE8}") = "3-Presentation", "3-Presentation", "{8B9D3567-5D99-4DD3-9D97-6CD7D1A98162}"
EndProject
Project("{2150E333-8FDC-42A3-9474-1A3956D46DE8}") = "1-core", "1-core", "{B4E32CD8-7795-4972-94A5-0C1D1AA39AD0}"
EndProject
Project("{2150E333-8FDC-42A3-9474-1A3956D46DE8}") = "2-Infrastructure", "2-Infrastructure", "{C3DD8569-12D9-4933-8B71-F889F84AB1D6}"
EndProject
Project("{2150E333-8FDC-42A3-9474-1A3956D46DE8}") = "3-Presentation", "3-Presentation", "{3E6B0839-6AC6-4C66-B7CE-63E9DE60BF42}"
EndProject
Project("{9A19103F-16F7-4668-BE54-9A1E7A4F7556}") = "Location.Domain", "Location.Domain\Location.Domain.csproj", "{78F056EE-C0DA-41DB-B648-AD28C9E3F989}"
EndProject
Project("{9A19103F-16F7-4668-BE54-9A1E7A4F7556}") = "Location.Application", "Location.Application\Location.Application.csproj", "{8F768407-B241-4BB7-A3F1-B0FD920ABC6B}"
EndProject
Project("{9A19103F-16F7-4668-BE54-9A1E7A4F7556}") = "Location.Infrastructure", "Location.Infrastructure\Location.Infrastructure.csproj", "{065106D9-7B4E-4574-BB48-8D2C7EAE4436}"
EndProject
Project("{9A19103F-16F7-4668-BE54-9A1E7A4F7556}") = "Location.API", "Location.API\Location.API.csproj", "{5FCB7048-190D-41EF-8EC0-7917120B169F}"
EndProject
Project("{9A19103F-16F7-4668-BE54-9A1E7A4F7556}") = "Employee.Domain", "Employee.Domain\Employee.Domain.csproj", "{A7BD52C4-2E02-4A66-BA95-DBDB05A3B9F2}"
EndProject
Project("{9A19103F-16F7-4668-BE54-9A1E7A4F7556}") = "Employee.Infrasturcture", "Employee.Infrasturcture\Employee.Infrasturcture.csproj", "{50234FE3-ECA6-403D-BE0E-A2EF979C4889}"
EndProject
Project("{9A19103F-16F7-4668-BE54-9A1E7A4F7556}") = "Employee.API", "Employee.API\Employee.API.csproj", "{95AA0A1E-712E-4FCB-A9A8-1F09F68986B8}"
EndProject
Project("{9A19103F-16F7-4668-BE54-9A1E7A4F7556}") = "Employee.Application", "Employee.Application\Employee.Application.csproj", "{9DFA80C6-9077-4220-B70D-E445291964B0}"
EndProject
Project("{9A19103F-16F7-4668-BE54-9A1E7A4F7556}") = "Employee.Persistance", "Employee.Persistance\Employee.Persistance.csproj", "{73999AB5-06C5-47FD-BC8A-F0AED858D188}"
EndProject
Project("{FAE04EC0-301F-11D3-BF4B-00C04F79EFBC}") = "GatewayAPI", "GatewayAPI\GatewayAPI.csproj", "{C258FBCE-7827-40D5-86BB-D566D02D1F58}"
EndProject
Project("{2150E333-8FDC-42A3-9474-1A3956D46DE8}") = "Images", "Images", "{0CF130A2-0FFF-4107-AC2F-DC80B46AB428}"
	ProjectSection(SolutionItems) = preProject
		C:\Users\heritier.mavinga\Pictures\gatewayEmployees.png = C:\Users\heritier.mavinga\Pictures\gatewayEmployees.png
		C:\Users\heritier.mavinga\Pictures\gatewayEmployeesById.png = C:\Users\heritier.mavinga\Pictures\gatewayEmployeesById.png
		C:\Users\heritier.mavinga\Pictures\GatewayLocation.png = C:\Users\heritier.mavinga\Pictures\GatewayLocation.png
		C:\Users\heritier.mavinga\Pictures\GatewayLocationById.png = C:\Users\heritier.mavinga\Pictures\GatewayLocationById.png
	EndProjectSection
EndProject
Global
	GlobalSection(SolutionConfigurationPlatforms) = preSolution
		Debug|Any CPU = Debug|Any CPU
		Release|Any CPU = Release|Any CPU
	EndGlobalSection
	GlobalSection(ProjectConfigurationPlatforms) = postSolution
		{1BB45DDB-8323-4E54-90DF-F9F4E606EDE3}.Debug|Any CPU.ActiveCfg = Debug|Any CPU
		{1BB45DDB-8323-4E54-90DF-F9F4E606EDE3}.Debug|Any CPU.Build.0 = Debug|Any CPU
		{1BB45DDB-8323-4E54-90DF-F9F4E606EDE3}.Release|Any CPU.ActiveCfg = Release|Any CPU
		{1BB45DDB-8323-4E54-90DF-F9F4E606EDE3}.Release|Any CPU.Build.0 = Release|Any CPU
		{5FD5A4B3-25A3-4A50-8C75-28320BFCAA3A}.Debug|Any CPU.ActiveCfg = Debug|Any CPU
		{5FD5A4B3-25A3-4A50-8C75-28320BFCAA3A}.Debug|Any CPU.Build.0 = Debug|Any CPU
		{5FD5A4B3-25A3-4A50-8C75-28320BFCAA3A}.Release|Any CPU.ActiveCfg = Release|Any CPU
		{5FD5A4B3-25A3-4A50-8C75-28320BFCAA3A}.Release|Any CPU.Build.0 = Release|Any CPU
		{114E2584-EEBC-48B2-A664-76D762BCD372}.Debug|Any CPU.ActiveCfg = Debug|Any CPU
		{114E2584-EEBC-48B2-A664-76D762BCD372}.Debug|Any CPU.Build.0 = Debug|Any CPU
		{114E2584-EEBC-48B2-A664-76D762BCD372}.Release|Any CPU.ActiveCfg = Release|Any CPU
		{114E2584-EEBC-48B2-A664-76D762BCD372}.Release|Any CPU.Build.0 = Release|Any CPU
		{3E5CCFE0-875E-433B-A4B5-C64F90048102}.Debug|Any CPU.ActiveCfg = Debug|Any CPU
		{3E5CCFE0-875E-433B-A4B5-C64F90048102}.Debug|Any CPU.Build.0 = Debug|Any CPU
		{3E5CCFE0-875E-433B-A4B5-C64F90048102}.Release|Any CPU.ActiveCfg = Release|Any CPU
		{3E5CCFE0-875E-433B-A4B5-C64F90048102}.Release|Any CPU.Build.0 = Release|Any CPU
		{78F056EE-C0DA-41DB-B648-AD28C9E3F989}.Debug|Any CPU.ActiveCfg = Debug|Any CPU
		{78F056EE-C0DA-41DB-B648-AD28C9E3F989}.Debug|Any CPU.Build.0 = Debug|Any CPU
		{78F056EE-C0DA-41DB-B648-AD28C9E3F989}.Release|Any CPU.ActiveCfg = Release|Any CPU
		{78F056EE-C0DA-41DB-B648-AD28C9E3F989}.Release|Any CPU.Build.0 = Release|Any CPU
		{8F768407-B241-4BB7-A3F1-B0FD920ABC6B}.Debug|Any CPU.ActiveCfg = Debug|Any CPU
		{8F768407-B241-4BB7-A3F1-B0FD920ABC6B}.Debug|Any CPU.Build.0 = Debug|Any CPU
		{8F768407-B241-4BB7-A3F1-B0FD920ABC6B}.Release|Any CPU.ActiveCfg = Release|Any CPU
		{8F768407-B241-4BB7-A3F1-B0FD920ABC6B}.Release|Any CPU.Build.0 = Release|Any CPU
		{065106D9-7B4E-4574-BB48-8D2C7EAE4436}.Debug|Any CPU.ActiveCfg = Debug|Any CPU
		{065106D9-7B4E-4574-BB48-8D2C7EAE4436}.Debug|Any CPU.Build.0 = Debug|Any CPU
		{065106D9-7B4E-4574-BB48-8D2C7EAE4436}.Release|Any CPU.ActiveCfg = Release|Any CPU
		{065106D9-7B4E-4574-BB48-8D2C7EAE4436}.Release|Any CPU.Build.0 = Release|Any CPU
		{5FCB7048-190D-41EF-8EC0-7917120B169F}.Debug|Any CPU.ActiveCfg = Debug|Any CPU
		{5FCB7048-190D-41EF-8EC0-7917120B169F}.Debug|Any CPU.Build.0 = Debug|Any CPU
		{5FCB7048-190D-41EF-8EC0-7917120B169F}.Release|Any CPU.ActiveCfg = Release|Any CPU
		{5FCB7048-190D-41EF-8EC0-7917120B169F}.Release|Any CPU.Build.0 = Release|Any CPU
		{A7BD52C4-2E02-4A66-BA95-DBDB05A3B9F2}.Debug|Any CPU.ActiveCfg = Debug|Any CPU
		{A7BD52C4-2E02-4A66-BA95-DBDB05A3B9F2}.Debug|Any CPU.Build.0 = Debug|Any CPU
		{A7BD52C4-2E02-4A66-BA95-DBDB05A3B9F2}.Release|Any CPU.ActiveCfg = Release|Any CPU
		{A7BD52C4-2E02-4A66-BA95-DBDB05A3B9F2}.Release|Any CPU.Build.0 = Release|Any CPU
		{50234FE3-ECA6-403D-BE0E-A2EF979C4889}.Debug|Any CPU.ActiveCfg = Debug|Any CPU
		{50234FE3-ECA6-403D-BE0E-A2EF979C4889}.Debug|Any CPU.Build.0 = Debug|Any CPU
		{50234FE3-ECA6-403D-BE0E-A2EF979C4889}.Release|Any CPU.ActiveCfg = Release|Any CPU
		{50234FE3-ECA6-403D-BE0E-A2EF979C4889}.Release|Any CPU.Build.0 = Release|Any CPU
		{95AA0A1E-712E-4FCB-A9A8-1F09F68986B8}.Debug|Any CPU.ActiveCfg = Debug|Any CPU
		{95AA0A1E-712E-4FCB-A9A8-1F09F68986B8}.Debug|Any CPU.Build.0 = Debug|Any CPU
		{95AA0A1E-712E-4FCB-A9A8-1F09F68986B8}.Release|Any CPU.ActiveCfg = Release|Any CPU
		{95AA0A1E-712E-4FCB-A9A8-1F09F68986B8}.Release|Any CPU.Build.0 = Release|Any CPU
		{9DFA80C6-9077-4220-B70D-E445291964B0}.Debug|Any CPU.ActiveCfg = Debug|Any CPU
		{9DFA80C6-9077-4220-B70D-E445291964B0}.Debug|Any CPU.Build.0 = Debug|Any CPU
		{9DFA80C6-9077-4220-B70D-E445291964B0}.Release|Any CPU.ActiveCfg = Release|Any CPU
		{9DFA80C6-9077-4220-B70D-E445291964B0}.Release|Any CPU.Build.0 = Release|Any CPU
		{73999AB5-06C5-47FD-BC8A-F0AED858D188}.Debug|Any CPU.ActiveCfg = Debug|Any CPU
		{73999AB5-06C5-47FD-BC8A-F0AED858D188}.Debug|Any CPU.Build.0 = Debug|Any CPU
		{73999AB5-06C5-47FD-BC8A-F0AED858D188}.Release|Any CPU.ActiveCfg = Release|Any CPU
		{73999AB5-06C5-47FD-BC8A-F0AED858D188}.Release|Any CPU.Build.0 = Release|Any CPU
		{C258FBCE-7827-40D5-86BB-D566D02D1F58}.Debug|Any CPU.ActiveCfg = Debug|Any CPU
		{C258FBCE-7827-40D5-86BB-D566D02D1F58}.Debug|Any CPU.Build.0 = Debug|Any CPU
		{C258FBCE-7827-40D5-86BB-D566D02D1F58}.Release|Any CPU.ActiveCfg = Release|Any CPU
		{C258FBCE-7827-40D5-86BB-D566D02D1F58}.Release|Any CPU.Build.0 = Release|Any CPU
	EndGlobalSection
	GlobalSection(SolutionProperties) = preSolution
		HideSolutionNode = FALSE
	EndGlobalSection
	GlobalSection(NestedProjects) = preSolution
		{9AEDC0F9-561F-4060-9459-EA595697DC42} = {8C035271-439E-4FE3-995F-393F771D98C2}
		{A16F59DC-5E96-4D47-89EE-F55EFD67FDB6} = {8C035271-439E-4FE3-995F-393F771D98C2}
		{BE8861F1-C85E-4237-9E12-758F58C77473} = {8C035271-439E-4FE3-995F-393F771D98C2}
		{F2DACD8A-187C-479F-B05E-A2229DF7F90E} = {9AEDC0F9-561F-4060-9459-EA595697DC42}
		{1126C709-976A-4AC3-8E62-F921AC9BD816} = {9AEDC0F9-561F-4060-9459-EA595697DC42}
		{83EA93A8-C548-40A4-8604-E4A532FDC43A} = {9AEDC0F9-561F-4060-9459-EA595697DC42}
		{1BB45DDB-8323-4E54-90DF-F9F4E606EDE3} = {F2DACD8A-187C-479F-B05E-A2229DF7F90E}
		{5FD5A4B3-25A3-4A50-8C75-28320BFCAA3A} = {F2DACD8A-187C-479F-B05E-A2229DF7F90E}
		{114E2584-EEBC-48B2-A664-76D762BCD372} = {1126C709-976A-4AC3-8E62-F921AC9BD816}
		{3E5CCFE0-875E-433B-A4B5-C64F90048102} = {83EA93A8-C548-40A4-8604-E4A532FDC43A}
		{FC57B038-E0F3-4C51-A457-FFE6C7DF76DC} = {A16F59DC-5E96-4D47-89EE-F55EFD67FDB6}
		{F3BE67BF-4827-4D39-8BBD-9B8B5B169B93} = {A16F59DC-5E96-4D47-89EE-F55EFD67FDB6}
		{8B9D3567-5D99-4DD3-9D97-6CD7D1A98162} = {A16F59DC-5E96-4D47-89EE-F55EFD67FDB6}
		{B4E32CD8-7795-4972-94A5-0C1D1AA39AD0} = {BE8861F1-C85E-4237-9E12-758F58C77473}
		{C3DD8569-12D9-4933-8B71-F889F84AB1D6} = {BE8861F1-C85E-4237-9E12-758F58C77473}
		{3E6B0839-6AC6-4C66-B7CE-63E9DE60BF42} = {BE8861F1-C85E-4237-9E12-758F58C77473}
		{78F056EE-C0DA-41DB-B648-AD28C9E3F989} = {FC57B038-E0F3-4C51-A457-FFE6C7DF76DC}
		{8F768407-B241-4BB7-A3F1-B0FD920ABC6B} = {FC57B038-E0F3-4C51-A457-FFE6C7DF76DC}
		{065106D9-7B4E-4574-BB48-8D2C7EAE4436} = {F3BE67BF-4827-4D39-8BBD-9B8B5B169B93}
		{5FCB7048-190D-41EF-8EC0-7917120B169F} = {8B9D3567-5D99-4DD3-9D97-6CD7D1A98162}
		{A7BD52C4-2E02-4A66-BA95-DBDB05A3B9F2} = {B4E32CD8-7795-4972-94A5-0C1D1AA39AD0}
		{50234FE3-ECA6-403D-BE0E-A2EF979C4889} = {C3DD8569-12D9-4933-8B71-F889F84AB1D6}
		{95AA0A1E-712E-4FCB-A9A8-1F09F68986B8} = {3E6B0839-6AC6-4C66-B7CE-63E9DE60BF42}
		{9DFA80C6-9077-4220-B70D-E445291964B0} = {B4E32CD8-7795-4972-94A5-0C1D1AA39AD0}
		{73999AB5-06C5-47FD-BC8A-F0AED858D188} = {C3DD8569-12D9-4933-8B71-F889F84AB1D6}
		{C258FBCE-7827-40D5-86BB-D566D02D1F58} = {93FFB363-38DB-4858-B0B4-91DE600EC97E}
	EndGlobalSection
	GlobalSection(ExtensibilityGlobals) = postSolution
		SolutionGuid = {E7A596E5-4549-4B3D-B482-96F960F55CD8}
	EndGlobalSection
EndGlobal
